
Microsoft Visual Studio Solution File, Format Version 12.00
# Visual Studio Version 16
VisualStudioVersion = 16.0.31605.320
MinimumVisualStudioVersion = 10.0.40219.1
Project("{FAE04EC0-301F-11D3-BF4B-00C04F79EFBC}") = "EjercicioXV", "EjercicioXV\EjercicioXV.csproj", "{BBF1C179-64B0-4E44-B55C-7847C6683F2A}"
EndProject
Global
	GlobalSection(SolutionConfigurationPlatforms) = preSolution
		Debug|Any CPU = Debug|Any CPU
		Release|Any CPU = Release|Any CPU
	EndGlobalSection
	GlobalSection(ProjectConfigurationPlatforms) = postSolution
		{BBF1C179-64B0-4E44-B55C-7847C6683F2A}.Debug|Any CPU.ActiveCfg = Debug|Any CPU
		{BBF1C179-64B0-4E44-B55C-7847C6683F2A}.Debug|Any CPU.Build.0 = Debug|Any CPU
		{BBF1C179-64B0-4E44-B55C-7847C6683F2A}.Release|Any CPU.ActiveCfg = Release|Any CPU
		{BBF1C179-64B0-4E44-B55C-7847C6683F2A}.Release|Any CPU.Build.0 = Release|Any CPU
	EndGlobalSection
	GlobalSection(SolutionProperties) = preSolution
		HideSolutionNode = FALSE
	EndGlobalSection
	GlobalSection(ExtensibilityGlobals) = postSolution
		SolutionGuid = {3C8B4DF9-C26B-44C2-AD05-E915B29A9377}
	EndGlobalSection
EndGlobal
